
Microsoft Visual Studio Solution File, Format Version 12.00
# Visual Studio 15
VisualStudioVersion = 15.0.28307.489
MinimumVisualStudioVersion = 10.0.40219.1
Project("{FAE04EC0-301F-11D3-BF4B-00C04F79EFBC}") = "NewsmanLib", "NewsmanLib\NewsmanLib.csproj", "{B37A5F40-825D-4944-AFC3-7844B16D24A7}"
EndProject
Project("{FAE04EC0-301F-11D3-BF4B-00C04F79EFBC}") = "NewsmanLibConsole", "NewsmanLibConsole\NewsmanLibConsole.csproj", "{0F855FD2-F814-4DD7-B81D-F4535FA76458}"
EndProject
Project("{FAE04EC0-301F-11D3-BF4B-00C04F79EFBC}") = "NewsmanLibWebResources", "NewsmanLibWebResources\NewsmanLibWebResources.csproj", "{D8AEF33D-D043-4FD2-A97F-C1FB55517527}"
EndProject
Project("{FAE04EC0-301F-11D3-BF4B-00C04F79EFBC}") = "NewsmanTestTimstamp", "NewsmanTestTimstamp\NewsmanTestTimstamp.csproj", "{93B7B682-26A9-4FAC-A3AE-0DA0B15BF11E}"
EndProject
Global
	GlobalSection(SolutionConfigurationPlatforms) = preSolution
		Debug|Any CPU = Debug|Any CPU
		Release|Any CPU = Release|Any CPU
	EndGlobalSection
	GlobalSection(ProjectConfigurationPlatforms) = postSolution
		{B37A5F40-825D-4944-AFC3-7844B16D24A7}.Debug|Any CPU.ActiveCfg = Debug|Any CPU
		{B37A5F40-825D-4944-AFC3-7844B16D24A7}.Debug|Any CPU.Build.0 = Debug|Any CPU
		{B37A5F40-825D-4944-AFC3-7844B16D24A7}.Release|Any CPU.ActiveCfg = Release|Any CPU
		{B37A5F40-825D-4944-AFC3-7844B16D24A7}.Release|Any CPU.Build.0 = Release|Any CPU
		{0F855FD2-F814-4DD7-B81D-F4535FA76458}.Debug|Any CPU.ActiveCfg = Debug|Any CPU
		{0F855FD2-F814-4DD7-B81D-F4535FA76458}.Debug|Any CPU.Build.0 = Debug|Any CPU
		{0F855FD2-F814-4DD7-B81D-F4535FA76458}.Release|Any CPU.ActiveCfg = Release|Any CPU
		{0F855FD2-F814-4DD7-B81D-F4535FA76458}.Release|Any CPU.Build.0 = Release|Any CPU
		{D8AEF33D-D043-4FD2-A97F-C1FB55517527}.Debug|Any CPU.ActiveCfg = Debug|Any CPU
		{D8AEF33D-D043-4FD2-A97F-C1FB55517527}.Debug|Any CPU.Build.0 = Debug|Any CPU
		{D8AEF33D-D043-4FD2-A97F-C1FB55517527}.Release|Any CPU.ActiveCfg = Release|Any CPU
		{D8AEF33D-D043-4FD2-A97F-C1FB55517527}.Release|Any CPU.Build.0 = Release|Any CPU
		{93B7B682-26A9-4FAC-A3AE-0DA0B15BF11E}.Debug|Any CPU.ActiveCfg = Debug|Any CPU
		{93B7B682-26A9-4FAC-A3AE-0DA0B15BF11E}.Debug|Any CPU.Build.0 = Debug|Any CPU
		{93B7B682-26A9-4FAC-A3AE-0DA0B15BF11E}.Release|Any CPU.ActiveCfg = Release|Any CPU
		{93B7B682-26A9-4FAC-A3AE-0DA0B15BF11E}.Release|Any CPU.Build.0 = Release|Any CPU
	EndGlobalSection
	GlobalSection(SolutionProperties) = preSolution
		HideSolutionNode = FALSE
	EndGlobalSection
	GlobalSection(ExtensibilityGlobals) = postSolution
		SolutionGuid = {58015601-0565-461A-B7CC-9B6F730BC082}
	EndGlobalSection
EndGlobal
