
Microsoft Visual Studio Solution File, Format Version 12.00
# Visual Studio 14
VisualStudioVersion = 14.0.25420.1
MinimumVisualStudioVersion = 10.0.40219.1
Project("{FAE04EC0-301F-11D3-BF4B-00C04F79EFBC}") = "NewsmanLib", "NewsmanLib\NewsmanLib.csproj", "{B37A5F40-825D-4944-AFC3-7844B16D24A7}"
EndProject
Project("{FAE04EC0-301F-11D3-BF4B-00C04F79EFBC}") = "NewsmanLibConsole", "NewsmanLibConsole\NewsmanLibConsole.csproj", "{0F855FD2-F814-4DD7-B81D-F4535FA76458}"
EndProject
Project("{FAE04EC0-301F-11D3-BF4B-00C04F79EFBC}") = "NewsmanLibWebResources", "NewsmanLibWebResources\NewsmanLibWebResources.csproj", "{D8AEF33D-D043-4FD2-A97F-C1FB55517527}"
EndProject
Global
	GlobalSection(SolutionConfigurationPlatforms) = preSolution
		Debug|Any CPU = Debug|Any CPU
		Release|Any CPU = Release|Any CPU
	EndGlobalSection
	GlobalSection(ProjectConfigurationPlatforms) = postSolution
		{B37A5F40-825D-4944-AFC3-7844B16D24A7}.Debug|Any CPU.ActiveCfg = Debug|Any CPU
		{B37A5F40-825D-4944-AFC3-7844B16D24A7}.Debug|Any CPU.Build.0 = Debug|Any CPU
		{B37A5F40-825D-4944-AFC3-7844B16D24A7}.Release|Any CPU.ActiveCfg = Release|Any CPU
		{B37A5F40-825D-4944-AFC3-7844B16D24A7}.Release|Any CPU.Build.0 = Release|Any CPU
		{0F855FD2-F814-4DD7-B81D-F4535FA76458}.Debug|Any CPU.ActiveCfg = Debug|Any CPU
		{0F855FD2-F814-4DD7-B81D-F4535FA76458}.Debug|Any CPU.Build.0 = Debug|Any CPU
		{0F855FD2-F814-4DD7-B81D-F4535FA76458}.Release|Any CPU.ActiveCfg = Release|Any CPU
		{0F855FD2-F814-4DD7-B81D-F4535FA76458}.Release|Any CPU.Build.0 = Release|Any CPU
		{D8AEF33D-D043-4FD2-A97F-C1FB55517527}.Debug|Any CPU.ActiveCfg = Debug|Any CPU
		{D8AEF33D-D043-4FD2-A97F-C1FB55517527}.Debug|Any CPU.Build.0 = Debug|Any CPU
		{D8AEF33D-D043-4FD2-A97F-C1FB55517527}.Release|Any CPU.ActiveCfg = Release|Any CPU
		{D8AEF33D-D043-4FD2-A97F-C1FB55517527}.Release|Any CPU.Build.0 = Release|Any CPU
	EndGlobalSection
	GlobalSection(SolutionProperties) = preSolution
		HideSolutionNode = FALSE
	EndGlobalSection
	GlobalSection(TeamFoundationVersionControl) = preSolution
		SccNumberOfProjects = 4
		SccEnterpriseProvider = {4CA58AB2-18FA-4F8D-95D4-32DDF27D184C}
		SccTeamFoundationServer = https://florinsander.visualstudio.com/
		SccLocalPath0 = .
		SccProjectUniqueName1 = NewsmanLib\\NewsmanLib.csproj
		SccProjectName1 = NewsmanLib
		SccLocalPath1 = NewsmanLib
		SccProjectUniqueName2 = NewsmanLibConsole\\NewsmanLibConsole.csproj
		SccProjectName2 = NewsmanLibConsole
		SccLocalPath2 = NewsmanLibConsole
		SccProjectUniqueName3 = NewsmanLibWebResources\\NewsmanLibWebResources.csproj
		SccProjectName3 = NewsmanLibWebResources
		SccLocalPath3 = NewsmanLibWebResources
	EndGlobalSection
EndGlobal
